// !$*UTF8*$!
{
	archiveVersion = 1;
	classes = {
	};
	objectVersion = 77;
	objects = {

/* Begin PBXBuildFile section */
		EFDB94432E93041C007C2A2A /* StoryPath.xctestplan in Resources */ = {isa = PBXBuildFile; fileRef = EFDB94422E93041C007C2A2A /* StoryPath.xctestplan */; };
		EFDB94442E93041C007C2A2A /* StoryPath.xctestplan in Resources */ = {isa = PBXBuildFile; fileRef = EFDB94422E93041C007C2A2A /* StoryPath.xctestplan */; };
/* End PBXBuildFile section */

/* Begin PBXContainerItemProxy section */
		EF919DF62E906A8D0061A7D0 /* PBXContainerItemProxy */ = {
			isa = PBXContainerItemProxy;
			containerPortal = EF919DE02E906A8C0061A7D0 /* Project object */;
			proxyType = 1;
			remoteGlobalIDString = EF919DE72E906A8C0061A7D0;
			remoteInfo = StoryPath;
		};
		EF919E002E906A8D0061A7D0 /* PBXContainerItemProxy */ = {
			isa = PBXContainerItemProxy;
			containerPortal = EF919DE02E906A8C0061A7D0 /* Project object */;
			proxyType = 1;
			remoteGlobalIDString = EF919DE72E906A8C0061A7D0;
			remoteInfo = StoryPath;
		};
/* End PBXContainerItemProxy section */

/* Begin PBXFileReference section */
		EF919DE82E906A8C0061A7D0 /* StoryPath.app */ = {isa = PBXFileReference; explicitFileType = wrapper.application; includeInIndex = 0; path = StoryPath.app; sourceTree = BUILT_PRODUCTS_DIR; };
		EF919DF52E906A8D0061A7D0 /* StoryPathTests.xctest */ = {isa = PBXFileReference; explicitFileType = wrapper.cfbundle; includeInIndex = 0; path = StoryPathTests.xctest; sourceTree = BUILT_PRODUCTS_DIR; };
		EF919DFF2E906A8D0061A7D0 /* StoryPathUITests.xctest */ = {isa = PBXFileReference; explicitFileType = wrapper.cfbundle; includeInIndex = 0; path = StoryPathUITests.xctest; sourceTree = BUILT_PRODUCTS_DIR; };
		EFDB94422E93041C007C2A2A /* StoryPath.xctestplan */ = {isa = PBXFileReference; lastKnownFileType = text; path = StoryPath.xctestplan; sourceTree = "<group>"; };
/* End PBXFileReference section */

/* Begin PBXFileSystemSynchronizedRootGroup section */
		EF919DEA2E906A8C0061A7D0 /* StoryPath */ = {
			isa = PBXFileSystemSynchronizedRootGroup;
			path = StoryPath;
			sourceTree = "<group>";
		};
		EF919DF82E906A8D0061A7D0 /* StoryPathTests */ = {
			isa = PBXFileSystemSynchronizedRootGroup;
			path = StoryPathTests;
			sourceTree = "<group>";
		};
		EF919E022E906A8D0061A7D0 /* StoryPathUITests */ = {
			isa = PBXFileSystemSynchronizedRootGroup;
			path = StoryPathUITests;
			sourceTree = "<group>";
		};
/* End PBXFileSystemSynchronizedRootGroup section */

/* Begin PBXFrameworksBuildPhase section */
		EF919DE52E906A8C0061A7D0 /* Frameworks */ = {
			isa = PBXFrameworksBuildPhase;
			buildActionMask = 2147483647;
			files = (
			);
			runOnlyForDeploymentPostprocessing = 0;
		};
		EF919DF22E906A8D0061A7D0 /* Frameworks */ = {
			isa = PBXFrameworksBuildPhase;
			buildActionMask = 2147483647;
			files = (
			);
			runOnlyForDeploymentPostprocessing = 0;
		};
		EF919DFC2E906A8D0061A7D0 /* Frameworks */ = {
			isa = PBXFrameworksBuildPhase;
			buildActionMask = 2147483647;
			files = (
			);
			runOnlyForDeploymentPostprocessing = 0;
		};
/* End PBXFrameworksBuildPhase section */

/* Begin PBXGroup section */
		EF919DDF2E906A8C0061A7D0 = {
			isa = PBXGroup;
			children = (
				EFDB94422E93041C007C2A2A /* StoryPath.xctestplan */,
				EF919DEA2E906A8C0061A7D0 /* StoryPath */,
				EF919DF82E906A8D0061A7D0 /* StoryPathTests */,
				EF919E022E906A8D0061A7D0 /* StoryPathUITests */,
				EF919DE92E906A8C0061A7D0 /* Products */,
			);
			sourceTree = "<group>";
		};
		EF919DE92E906A8C0061A7D0 /* Products */ = {
			isa = PBXGroup;
			children = (
				EF919DE82E906A8C0061A7D0 /* StoryPath.app */,
				EF919DF52E906A8D0061A7D0 /* StoryPathTests.xctest */,
				EF919DFF2E906A8D0061A7D0 /* StoryPathUITests.xctest */,
			);
			name = Products;
			sourceTree = "<group>";
		};
/* End PBXGroup section */

/* Begin PBXNativeTarget section */
		EF919DE72E906A8C0061A7D0 /* StoryPath */ = {
			isa = PBXNativeTarget;
			buildConfigurationList = EF919E092E906A8D0061A7D0 /* Build configuration list for PBXNativeTarget "StoryPath" */;
			buildPhases = (
				EF919DE42E906A8C0061A7D0 /* Sources */,
				EF919DE52E906A8C0061A7D0 /* Frameworks */,
				EF919DE62E906A8C0061A7D0 /* Resources */,
			);
			buildRules = (
			);
			dependencies = (
			);
			fileSystemSynchronizedGroups = (
				EF919DEA2E906A8C0061A7D0 /* StoryPath */,
			);
			name = StoryPath;
			packageProductDependencies = (
			);
			productName = StoryPath;
			productReference = EF919DE82E906A8C0061A7D0 /* StoryPath.app */;
			productType = "com.apple.product-type.application";
		};
		EF919DF42E906A8D0061A7D0 /* StoryPathTests */ = {
			isa = PBXNativeTarget;
			buildConfigurationList = EF919E0C2E906A8D0061A7D0 /* Build configuration list for PBXNativeTarget "StoryPathTests" */;
			buildPhases = (
				EF919DF12E906A8D0061A7D0 /* Sources */,
				EF919DF22E906A8D0061A7D0 /* Frameworks */,
				EF919DF32E906A8D0061A7D0 /* Resources */,
			);
			buildRules = (
			);
			dependencies = (
				EF919DF72E906A8D0061A7D0 /* PBXTargetDependency */,
			);
			fileSystemSynchronizedGroups = (
				EF919DF82E906A8D0061A7D0 /* StoryPathTests */,
			);
			name = StoryPathTests;
			packageProductDependencies = (
			);
			productName = StoryPathTests;
			productReference = EF919DF52E906A8D0061A7D0 /* StoryPathTests.xctest */;
			productType = "com.apple.product-type.bundle.unit-test";
		};
		EF919DFE2E906A8D0061A7D0 /* StoryPathUITests */ = {
			isa = PBXNativeTarget;
			buildConfigurationList = EF919E0F2E906A8D0061A7D0 /* Build configuration list for PBXNativeTarget "StoryPathUITests" */;
			buildPhases = (
				EF919DFB2E906A8D0061A7D0 /* Sources */,
				EF919DFC2E906A8D0061A7D0 /* Frameworks */,
				EF919DFD2E906A8D0061A7D0 /* Resources */,
			);
			buildRules = (
			);
			dependencies = (
				EF919E012E906A8D0061A7D0 /* PBXTargetDependency */,
			);
			fileSystemSynchronizedGroups = (
				EF919E022E906A8D0061A7D0 /* StoryPathUITests */,
			);
			name = StoryPathUITests;
			packageProductDependencies = (
			);
			productName = StoryPathUITests;
			productReference = EF919DFF2E906A8D0061A7D0 /* StoryPathUITests.xctest */;
			productType = "com.apple.product-type.bundle.ui-testing";
		};
/* End PBXNativeTarget section */

/* Begin PBXProject section */
		EF919DE02E906A8C0061A7D0 /* Project object */ = {
			isa = PBXProject;
			attributes = {
				BuildIndependentTargetsInParallel = 1;
				LastSwiftUpdateCheck = 2600;
				LastUpgradeCheck = 2600;
				TargetAttributes = {
					EF919DE72E906A8C0061A7D0 = {
						CreatedOnToolsVersion = 26.0;
					};
					EF919DF42E906A8D0061A7D0 = {
						CreatedOnToolsVersion = 26.0;
						TestTargetID = EF919DE72E906A8C0061A7D0;
					};
					EF919DFE2E906A8D0061A7D0 = {
						CreatedOnToolsVersion = 26.0;
						TestTargetID = EF919DE72E906A8C0061A7D0;
					};
				};
			};
			buildConfigurationList = EF919DE32E906A8C0061A7D0 /* Build configuration list for PBXProject "StoryPath" */;
			developmentRegion = en;
			hasScannedForEncodings = 0;
			knownRegions = (
				en,
				Base,
			);
			mainGroup = EF919DDF2E906A8C0061A7D0;
			minimizedProjectReferenceProxies = 1;
			preferredProjectObjectVersion = 77;
			productRefGroup = EF919DE92E906A8C0061A7D0 /* Products */;
			projectDirPath = "";
			projectRoot = "";
			targets = (
				EF919DE72E906A8C0061A7D0 /* StoryPath */,
				EF919DF42E906A8D0061A7D0 /* StoryPathTests */,
				EF919DFE2E906A8D0061A7D0 /* StoryPathUITests */,
			);
		};
/* End PBXProject section */

/* Begin PBXResourcesBuildPhase section */
		EF919DE62E906A8C0061A7D0 /* Resources */ = {
			isa = PBXResourcesBuildPhase;
			buildActionMask = 2147483647;
			files = (
				EFDB94442E93041C007C2A2A /* StoryPath.xctestplan in Resources */,
			);
			runOnlyForDeploymentPostprocessing = 0;
		};
		EF919DF32E906A8D0061A7D0 /* Resources */ = {
			isa = PBXResourcesBuildPhase;
			buildActionMask = 2147483647;
			files = (
				EFDB94432E93041C007C2A2A /* StoryPath.xctestplan in Resources */,
			);
			runOnlyForDeploymentPostprocessing = 0;
		};
		EF919DFD2E906A8D0061A7D0 /* Resources */ = {
			isa = PBXResourcesBuildPhase;
			buildActionMask = 2147483647;
			files = (
			);
			runOnlyForDeploymentPostprocessing = 0;
		};
/* End PBXResourcesBuildPhase section */

/* Begin PBXSourcesBuildPhase section */
		EF919DE42E906A8C0061A7D0 /* Sources */ = {
			isa = PBXSourcesBuildPhase;
			buildActionMask = 2147483647;
			files = (
			);
			runOnlyForDeploymentPostprocessing = 0;
		};
		EF919DF12E906A8D0061A7D0 /* Sources */ = {
			isa = PBXSourcesBuildPhase;
			buildActionMask = 2147483647;
			files = (
			);
			runOnlyForDeploymentPostprocessing = 0;
		};
		EF919DFB2E906A8D0061A7D0 /* Sources */ = {
			isa = PBXSourcesBuildPhase;
			buildActionMask = 2147483647;
			files = (
			);
			runOnlyForDeploymentPostprocessing = 0;
		};
/* End PBXSourcesBuildPhase section */

/* Begin PBXTargetDependency section */
		EF919DF72E906A8D0061A7D0 /* PBXTargetDependency */ = {
			isa = PBXTargetDependency;
			target = EF919DE72E906A8C0061A7D0 /* StoryPath */;
			targetProxy = EF919DF62E906A8D0061A7D0 /* PBXContainerItemProxy */;
		};
		EF919E012E906A8D0061A7D0 /* PBXTargetDependency */ = {
			isa = PBXTargetDependency;
			target = EF919DE72E906A8C0061A7D0 /* StoryPath */;
			targetProxy = EF919E002E906A8D0061A7D0 /* PBXContainerItemProxy */;
		};
/* End PBXTargetDependency section */

/* Begin XCBuildConfiguration section */
		EF919E072E906A8D0061A7D0 /* Debug */ = {
			isa = XCBuildConfiguration;
			buildSettings = {
				ALWAYS_SEARCH_USER_PATHS = NO;
				ASSETCATALOG_COMPILER_GENERATE_SWIFT_ASSET_SYMBOL_EXTENSIONS = YES;
				CLANG_ANALYZER_NONNULL = YES;
				CLANG_ANALYZER_NUMBER_OBJECT_CONVERSION = YES_AGGRESSIVE;
				CLANG_CXX_LANGUAGE_STANDARD = "gnu++20";
				CLANG_ENABLE_MODULES = YES;
				CLANG_ENABLE_OBJC_ARC = YES;
				CLANG_ENABLE_OBJC_WEAK = YES;
				CLANG_WARN_BLOCK_CAPTURE_AUTORELEASING = YES;
				CLANG_WARN_BOOL_CONVERSION = YES;
				CLANG_WARN_COMMA = YES;
				CLANG_WARN_CONSTANT_CONVERSION = YES;
				CLANG_WARN_DEPRECATED_OBJC_IMPLEMENTATIONS = YES;
				CLANG_WARN_DIRECT_OBJC_ISA_USAGE = YES_ERROR;
				CLANG_WARN_DOCUMENTATION_COMMENTS = YES;
				CLANG_WARN_EMPTY_BODY = YES;
				CLANG_WARN_ENUM_CONVERSION = YES;
				CLANG_WARN_INFINITE_RECURSION = YES;
				CLANG_WARN_INT_CONVERSION = YES;
				CLANG_WARN_NON_LITERAL_NULL_CONVERSION = YES;
				CLANG_WARN_OBJC_IMPLICIT_RETAIN_SELF = YES;
				CLANG_WARN_OBJC_LITERAL_CONVERSION = YES;
				CLANG_WARN_OBJC_ROOT_CLASS = YES_ERROR;
				CLANG_WARN_QUOTED_INCLUDE_IN_FRAMEWORK_HEADER = YES;
				CLANG_WARN_RANGE_LOOP_ANALYSIS = YES;
				CLANG_WARN_STRICT_PROTOTYPES = YES;
				CLANG_WARN_SUSPICIOUS_MOVE = YES;
				CLANG_WARN_UNGUARDED_AVAILABILITY = YES_AGGRESSIVE;
				CLANG_WARN_UNREACHABLE_CODE = YES;
				CLANG_WARN__DUPLICATE_METHOD_MATCH = YES;
				COPY_PHASE_STRIP = NO;
				DEBUG_INFORMATION_FORMAT = dwarf;
				DEVELOPMENT_TEAM = S73BL74664;
				ENABLE_STRICT_OBJC_MSGSEND = YES;
				ENABLE_TESTABILITY = YES;
				ENABLE_USER_SCRIPT_SANDBOXING = YES;
				GCC_C_LANGUAGE_STANDARD = gnu17;
				GCC_DYNAMIC_NO_PIC = NO;
				GCC_NO_COMMON_BLOCKS = YES;
				GCC_OPTIMIZATION_LEVEL = 0;
				GCC_PREPROCESSOR_DEFINITIONS = (
					"DEBUG=1",
					"$(inherited)",
				);
				GCC_WARN_64_TO_32_BIT_CONVERSION = YES;
				GCC_WARN_ABOUT_RETURN_TYPE = YES_ERROR;
				GCC_WARN_UNDECLARED_SELECTOR = YES;
				GCC_WARN_UNINITIALIZED_AUTOS = YES_AGGRESSIVE;
				GCC_WARN_UNUSED_FUNCTION = YES;
				GCC_WARN_UNUSED_VARIABLE = YES;
				LOCALIZATION_PREFERS_STRING_CATALOGS = YES;
				MACOSX_DEPLOYMENT_TARGET = 15.6;
				MTL_ENABLE_DEBUG_INFO = INCLUDE_SOURCE;
				MTL_FAST_MATH = YES;
				ONLY_ACTIVE_ARCH = YES;
				SDKROOT = macosx;
				SWIFT_ACTIVE_COMPILATION_CONDITIONS = "DEBUG $(inherited)";
				SWIFT_OPTIMIZATION_LEVEL = "-Onone";
			};
			name = Debug;
		};
		EF919E082E906A8D0061A7D0 /* Release */ = {
			isa = XCBuildConfiguration;
			buildSettings = {
				ALWAYS_SEARCH_USER_PATHS = NO;
				ASSETCATALOG_COMPILER_GENERATE_SWIFT_ASSET_SYMBOL_EXTENSIONS = YES;
				CLANG_ANALYZER_NONNULL = YES;
				CLANG_ANALYZER_NUMBER_OBJECT_CONVERSION = YES_AGGRESSIVE;
				CLANG_CXX_LANGUAGE_STANDARD = "gnu++20";
				CLANG_ENABLE_MODULES = YES;
				CLANG_ENABLE_OBJC_ARC = YES;
				CLANG_ENABLE_OBJC_WEAK = YES;
				CLANG_WARN_BLOCK_CAPTURE_AUTORELEASING = YES;
				CLANG_WARN_BOOL_CONVERSION = YES;
				CLANG_WARN_COMMA = YES;
				CLANG_WARN_CONSTANT_CONVERSION = YES;
				CLANG_WARN_DEPRECATED_OBJC_IMPLEMENTATIONS = YES;
				CLANG_WARN_DIRECT_OBJC_ISA_USAGE = YES_ERROR;
				CLANG_WARN_DOCUMENTATION_COMMENTS = YES;
				CLANG_WARN_EMPTY_BODY = YES;
				CLANG_WARN_ENUM_CONVERSION = YES;
				CLANG_WARN_INFINITE_RECURSION = YES;
				CLANG_WARN_INT_CONVERSION = YES;
				CLANG_WARN_NON_LITERAL_NULL_CONVERSION = YES;
				CLANG_WARN_OBJC_IMPLICIT_RETAIN_SELF = YES;
				CLANG_WARN_OBJC_LITERAL_CONVERSION = YES;
				CLANG_WARN_OBJC_ROOT_CLASS = YES_ERROR;
				CLANG_WARN_QUOTED_INCLUDE_IN_FRAMEWORK_HEADER = YES;
				CLANG_WARN_RANGE_LOOP_ANALYSIS = YES;
				CLANG_WARN_STRICT_PROTOTYPES = YES;
				CLANG_WARN_SUSPICIOUS_MOVE = YES;
				CLANG_WARN_UNGUARDED_AVAILABILITY = YES_AGGRESSIVE;
				CLANG_WARN_UNREACHABLE_CODE = YES;
				CLANG_WARN__DUPLICATE_METHOD_MATCH = YES;
				COPY_PHASE_STRIP = NO;
				DEBUG_INFORMATION_FORMAT = "dwarf-with-dsym";
				DEVELOPMENT_TEAM = S73BL74664;
				ENABLE_NS_ASSERTIONS = NO;
				ENABLE_STRICT_OBJC_MSGSEND = YES;
				ENABLE_USER_SCRIPT_SANDBOXING = YES;
				GCC_C_LANGUAGE_STANDARD = gnu17;
				GCC_NO_COMMON_BLOCKS = YES;
				GCC_WARN_64_TO_32_BIT_CONVERSION = YES;
				GCC_WARN_ABOUT_RETURN_TYPE = YES_ERROR;
				GCC_WARN_UNDECLARED_SELECTOR = YES;
				GCC_WARN_UNINITIALIZED_AUTOS = YES_AGGRESSIVE;
				GCC_WARN_UNUSED_FUNCTION = YES;
				GCC_WARN_UNUSED_VARIABLE = YES;
				LOCALIZATION_PREFERS_STRING_CATALOGS = YES;
				MACOSX_DEPLOYMENT_TARGET = 15.6;
				MTL_ENABLE_DEBUG_INFO = NO;
				MTL_FAST_MATH = YES;
				SDKROOT = macosx;
				SWIFT_COMPILATION_MODE = wholemodule;
			};
			name = Release;
		};
		EF919E0A2E906A8D0061A7D0 /* Debug */ = {
			isa = XCBuildConfiguration;
			buildSettings = {
				ASSETCATALOG_COMPILER_APPICON_NAME = AppIcon;
				ASSETCATALOG_COMPILER_GLOBAL_ACCENT_COLOR_NAME = AccentColor;
				CODE_SIGN_STYLE = Automatic;
				COMBINE_HIDPI_IMAGES = YES;
				CURRENT_PROJECT_VERSION = 1;
				DEVELOPMENT_TEAM = 9ED5E567X5;
				ENABLE_APP_SANDBOX = YES;
				ENABLE_HARDENED_RUNTIME = YES;
				ENABLE_PREVIEWS = YES;
				ENABLE_USER_SELECTED_FILES = readonly;
				GENERATE_INFOPLIST_FILE = YES;
				INFOPLIST_KEY_NSHumanReadableCopyright = "";
				IPHONEOS_DEPLOYMENT_TARGET = 17.6;
				LD_RUNPATH_SEARCH_PATHS = (
					"$(inherited)",
					"@executable_path/../Frameworks",
				);
				MACOSX_DEPLOYMENT_TARGET = 15.6;
				MARKETING_VERSION = 1.0;
				PRODUCT_BUNDLE_IDENTIFIER = com.iammike.StoryPath;
				PRODUCT_NAME = "$(TARGET_NAME)";
				REGISTER_APP_GROUPS = YES;
				STRING_CATALOG_GENERATE_SYMBOLS = YES;
				SUPPORTED_PLATFORMS = "iphoneos iphonesimulator macosx";
				SUPPORTS_MACCATALYST = NO;
				SWIFT_APPROACHABLE_CONCURRENCY = YES;
				SWIFT_DEFAULT_ACTOR_ISOLATION = MainActor;
				SWIFT_EMIT_LOC_STRINGS = YES;
				SWIFT_UPCOMING_FEATURE_MEMBER_IMPORT_VISIBILITY = YES;
				SWIFT_VERSION = 5.0;
				TARGETED_DEVICE_FAMILY = "1,2";
			};
			name = Debug;
		};
		EF919E0B2E906A8D0061A7D0 /* Release */ = {
			isa = XCBuildConfiguration;
			buildSettings = {
				ASSETCATALOG_COMPILER_APPICON_NAME = AppIcon;
				ASSETCATALOG_COMPILER_GLOBAL_ACCENT_COLOR_NAME = AccentColor;
				CODE_SIGN_STYLE = Automatic;
				COMBINE_HIDPI_IMAGES = YES;
				CURRENT_PROJECT_VERSION = 1;
				DEVELOPMENT_TEAM = 9ED5E567X5;
				ENABLE_APP_SANDBOX = YES;
				ENABLE_HARDENED_RUNTIME = YES;
				ENABLE_PREVIEWS = YES;
				ENABLE_USER_SELECTED_FILES = readonly;
				GENERATE_INFOPLIST_FILE = YES;
				INFOPLIST_KEY_NSHumanReadableCopyright = "";
				IPHONEOS_DEPLOYMENT_TARGET = 17.6;
				LD_RUNPATH_SEARCH_PATHS = (
					"$(inherited)",
					"@executable_path/../Frameworks",
				);
				MACOSX_DEPLOYMENT_TARGET = 15.6;
				MARKETING_VERSION = 1.0;
				PRODUCT_BUNDLE_IDENTIFIER = com.iammike.StoryPath;
				PRODUCT_NAME = "$(TARGET_NAME)";
				REGISTER_APP_GROUPS = YES;
				STRING_CATALOG_GENERATE_SYMBOLS = YES;
				SUPPORTED_PLATFORMS = "iphoneos iphonesimulator macosx";
				SUPPORTS_MACCATALYST = NO;
				SWIFT_APPROACHABLE_CONCURRENCY = YES;
				SWIFT_DEFAULT_ACTOR_ISOLATION = MainActor;
				SWIFT_EMIT_LOC_STRINGS = YES;
				SWIFT_UPCOMING_FEATURE_MEMBER_IMPORT_VISIBILITY = YES;
				SWIFT_VERSION = 5.0;
				TARGETED_DEVICE_FAMILY = "1,2";
			};
			name = Release;
		};
		EF919E0D2E906A8D0061A7D0 /* Debug */ = {
			isa = XCBuildConfiguration;
			buildSettings = {
				BUNDLE_LOADER = "$(TEST_HOST)";
				CODE_SIGN_STYLE = Automatic;
				CURRENT_PROJECT_VERSION = 1;
				DEVELOPMENT_TEAM = S73BL74664;
				GENERATE_INFOPLIST_FILE = YES;
				MACOSX_DEPLOYMENT_TARGET = 15.6;
				MARKETING_VERSION = 1.0;
				PRODUCT_BUNDLE_IDENTIFIER = com.iammike.StoryPathTests;
				PRODUCT_NAME = "$(TARGET_NAME)";
				STRING_CATALOG_GENERATE_SYMBOLS = NO;
				SWIFT_APPROACHABLE_CONCURRENCY = YES;
				SWIFT_EMIT_LOC_STRINGS = NO;
				SWIFT_UPCOMING_FEATURE_MEMBER_IMPORT_VISIBILITY = YES;
				SWIFT_VERSION = 5.0;
				TEST_HOST = "$(BUILT_PRODUCTS_DIR)/StoryPath.app/$(BUNDLE_EXECUTABLE_FOLDER_PATH)/StoryPath";
			};
			name = Debug;
		};
		EF919E0E2E906A8D0061A7D0 /* Release */ = {
			isa = XCBuildConfiguration;
			buildSettings = {
				BUNDLE_LOADER = "$(TEST_HOST)";
				CODE_SIGN_STYLE = Automatic;
				CURRENT_PROJECT_VERSION = 1;
				DEVELOPMENT_TEAM = S73BL74664;
				GENERATE_INFOPLIST_FILE = YES;
				MACOSX_DEPLOYMENT_TARGET = 15.6;
				MARKETING_VERSION = 1.0;
				PRODUCT_BUNDLE_IDENTIFIER = com.iammike.StoryPathTests;
				PRODUCT_NAME = "$(TARGET_NAME)";
				STRING_CATALOG_GENERATE_SYMBOLS = NO;
				SWIFT_APPROACHABLE_CONCURRENCY = YES;
				SWIFT_EMIT_LOC_STRINGS = NO;
				SWIFT_UPCOMING_FEATURE_MEMBER_IMPORT_VISIBILITY = YES;
				SWIFT_VERSION = 5.0;
				TEST_HOST = "$(BUILT_PRODUCTS_DIR)/StoryPath.app/$(BUNDLE_EXECUTABLE_FOLDER_PATH)/StoryPath";
			};
			name = Release;
		};
		EF919E102E906A8D0061A7D0 /* Debug */ = {
			isa = XCBuildConfiguration;
			buildSettings = {
				CODE_SIGN_STYLE = Automatic;
				CURRENT_PROJECT_VERSION = 1;
				DEVELOPMENT_TEAM = S73BL74664;
				GENERATE_INFOPLIST_FILE = YES;
				MARKETING_VERSION = 1.0;
				PRODUCT_BUNDLE_IDENTIFIER = com.iammike.StoryPathUITests;
				PRODUCT_NAME = "$(TARGET_NAME)";
				STRING_CATALOG_GENERATE_SYMBOLS = NO;
				SWIFT_APPROACHABLE_CONCURRENCY = YES;
				SWIFT_EMIT_LOC_STRINGS = NO;
				SWIFT_UPCOMING_FEATURE_MEMBER_IMPORT_VISIBILITY = YES;
				SWIFT_VERSION = 5.0;
				TEST_TARGET_NAME = StoryPath;
			};
			name = Debug;
		};
		EF919E112E906A8D0061A7D0 /* Release */ = {
			isa = XCBuildConfiguration;
			buildSettings = {
				CODE_SIGN_STYLE = Automatic;
				CURRENT_PROJECT_VERSION = 1;
				DEVELOPMENT_TEAM = S73BL74664;
				GENERATE_INFOPLIST_FILE = YES;
				MARKETING_VERSION = 1.0;
				PRODUCT_BUNDLE_IDENTIFIER = com.iammike.StoryPathUITests;
				PRODUCT_NAME = "$(TARGET_NAME)";
				STRING_CATALOG_GENERATE_SYMBOLS = NO;
				SWIFT_APPROACHABLE_CONCURRENCY = YES;
				SWIFT_EMIT_LOC_STRINGS = NO;
				SWIFT_UPCOMING_FEATURE_MEMBER_IMPORT_VISIBILITY = YES;
				SWIFT_VERSION = 5.0;
				TEST_TARGET_NAME = StoryPath;
			};
			name = Release;
		};
/* End XCBuildConfiguration section */

/* Begin XCConfigurationList section */
		EF919DE32E906A8C0061A7D0 /* Build configuration list for PBXProject "StoryPath" */ = {
			isa = XCConfigurationList;
			buildConfigurations = (
				EF919E072E906A8D0061A7D0 /* Debug */,
				EF919E082E906A8D0061A7D0 /* Release */,
			);
			defaultConfigurationIsVisible = 0;
			defaultConfigurationName = Release;
		};
		EF919E092E906A8D0061A7D0 /* Build configuration list for PBXNativeTarget "StoryPath" */ = {
			isa = XCConfigurationList;
			buildConfigurations = (
				EF919E0A2E906A8D0061A7D0 /* Debug */,
				EF919E0B2E906A8D0061A7D0 /* Release */,
			);
			defaultConfigurationIsVisible = 0;
			defaultConfigurationName = Release;
		};
		EF919E0C2E906A8D0061A7D0 /* Build configuration list for PBXNativeTarget "StoryPathTests" */ = {
			isa = XCConfigurationList;
			buildConfigurations = (
				EF919E0D2E906A8D0061A7D0 /* Debug */,
				EF919E0E2E906A8D0061A7D0 /* Release */,
			);
			defaultConfigurationIsVisible = 0;
			defaultConfigurationName = Release;
		};
		EF919E0F2E906A8D0061A7D0 /* Build configuration list for PBXNativeTarget "StoryPathUITests" */ = {
			isa = XCConfigurationList;
			buildConfigurations = (
				EF919E102E906A8D0061A7D0 /* Debug */,
				EF919E112E906A8D0061A7D0 /* Release */,
			);
			defaultConfigurationIsVisible = 0;
			defaultConfigurationName = Release;
		};
/* End XCConfigurationList section */
	};
	rootObject = EF919DE02E906A8C0061A7D0 /* Project object */;
}
